
Microsoft Visual Studio Solution File, Format Version 12.00
# Visual Studio 15
VisualStudioVersion = 15.0.28307.779
MinimumVisualStudioVersion = 10.0.40219.1
Project("{FAE04EC0-301F-11D3-BF4B-00C04F79EFBC}") = "AsyncAndParallel", "AsyncAndParallel\AsyncAndParallel.csproj", "{61194BF2-7051-4C75-BC10-587C87747D13}"
EndProject
Project("{FAE04EC0-301F-11D3-BF4B-00C04F79EFBC}") = "PushPullMechanism", "PushPullMechanism\PushPullMechanism.csproj", "{81E19E08-199C-4577-8617-7DCFEF2D85A0}"
EndProject
Global
	GlobalSection(SolutionConfigurationPlatforms) = preSolution
		Debug|Any CPU = Debug|Any CPU
		Release|Any CPU = Release|Any CPU
	EndGlobalSection
	GlobalSection(ProjectConfigurationPlatforms) = postSolution
		{61194BF2-7051-4C75-BC10-587C87747D13}.Debug|Any CPU.ActiveCfg = Debug|Any CPU
		{61194BF2-7051-4C75-BC10-587C87747D13}.Debug|Any CPU.Build.0 = Debug|Any CPU
		{61194BF2-7051-4C75-BC10-587C87747D13}.Release|Any CPU.ActiveCfg = Release|Any CPU
		{61194BF2-7051-4C75-BC10-587C87747D13}.Release|Any CPU.Build.0 = Release|Any CPU
		{81E19E08-199C-4577-8617-7DCFEF2D85A0}.Debug|Any CPU.ActiveCfg = Debug|Any CPU
		{81E19E08-199C-4577-8617-7DCFEF2D85A0}.Debug|Any CPU.Build.0 = Debug|Any CPU
		{81E19E08-199C-4577-8617-7DCFEF2D85A0}.Release|Any CPU.ActiveCfg = Release|Any CPU
		{81E19E08-199C-4577-8617-7DCFEF2D85A0}.Release|Any CPU.Build.0 = Release|Any CPU
	EndGlobalSection
	GlobalSection(SolutionProperties) = preSolution
		HideSolutionNode = FALSE
	EndGlobalSection
	GlobalSection(ExtensibilityGlobals) = postSolution
		SolutionGuid = {B9DE5EFB-E3CA-493E-9556-7B3391535A50}
	EndGlobalSection
EndGlobal
